// !$*UTF8*$!
{
	archiveVersion = 1;
	classes = {
	};
	objectVersion = 50;
	objects = {

/* Begin PBXBuildFile section */
		4D33CA6B2646209B00CDE5AD /* AppDelegate.swift in Sources */ = {isa = PBXBuildFile; fileRef = 4D33CA6A2646209B00CDE5AD /* AppDelegate.swift */; };
		4D33CA6D2646209B00CDE5AD /* SceneDelegate.swift in Sources */ = {isa = PBXBuildFile; fileRef = 4D33CA6C2646209B00CDE5AD /* SceneDelegate.swift */; };
		4D33CA742646209D00CDE5AD /* Assets.xcassets in Resources */ = {isa = PBXBuildFile; fileRef = 4D33CA732646209D00CDE5AD /* Assets.xcassets */; };
		4D33CA832646254000CDE5AD /* AgeConverterView.swift in Sources */ = {isa = PBXBuildFile; fileRef = 4D33CA822646254000CDE5AD /* AgeConverterView.swift */; };
		4D33CA852646288700CDE5AD /* AgeConverterController.swift in Sources */ = {isa = PBXBuildFile; fileRef = 4D33CA842646288700CDE5AD /* AgeConverterController.swift */; };
/* End PBXBuildFile section */

/* Begin PBXFileReference section */
		4D33CA672646209B00CDE5AD /* Caoversor de Idades.app */ = {isa = PBXFileReference; explicitFileType = wrapper.application; includeInIndex = 0; path = "Caoversor de Idades.app"; sourceTree = BUILT_PRODUCTS_DIR; };
		4D33CA6A2646209B00CDE5AD /* AppDelegate.swift */ = {isa = PBXFileReference; lastKnownFileType = sourcecode.swift; path = AppDelegate.swift; sourceTree = "<group>"; };
		4D33CA6C2646209B00CDE5AD /* SceneDelegate.swift */ = {isa = PBXFileReference; lastKnownFileType = sourcecode.swift; path = SceneDelegate.swift; sourceTree = "<group>"; };
		4D33CA732646209D00CDE5AD /* Assets.xcassets */ = {isa = PBXFileReference; lastKnownFileType = folder.assetcatalog; path = Assets.xcassets; sourceTree = "<group>"; };
		4D33CA782646209D00CDE5AD /* Info.plist */ = {isa = PBXFileReference; lastKnownFileType = text.plist.xml; path = Info.plist; sourceTree = "<group>"; };
		4D33CA822646254000CDE5AD /* AgeConverterView.swift */ = {isa = PBXFileReference; lastKnownFileType = sourcecode.swift; path = AgeConverterView.swift; sourceTree = "<group>"; };
		4D33CA842646288700CDE5AD /* AgeConverterController.swift */ = {isa = PBXFileReference; lastKnownFileType = sourcecode.swift; path = AgeConverterController.swift; sourceTree = "<group>"; };
/* End PBXFileReference section */

/* Begin PBXFrameworksBuildPhase section */
		4D33CA642646209B00CDE5AD /* Frameworks */ = {
			isa = PBXFrameworksBuildPhase;
			buildActionMask = 2147483647;
			files = (
			);
			runOnlyForDeploymentPostprocessing = 0;
		};
/* End PBXFrameworksBuildPhase section */

/* Begin PBXGroup section */
		4D33CA5E2646209B00CDE5AD = {
			isa = PBXGroup;
			children = (
				4D33CA692646209B00CDE5AD /* Caoversor de Idades */,
				4D33CA682646209B00CDE5AD /* Products */,
			);
			sourceTree = "<group>";
		};
		4D33CA682646209B00CDE5AD /* Products */ = {
			isa = PBXGroup;
			children = (
				4D33CA672646209B00CDE5AD /* Caoversor de Idades.app */,
			);
			name = Products;
			sourceTree = "<group>";
		};
		4D33CA692646209B00CDE5AD /* Caoversor de Idades */ = {
			isa = PBXGroup;
			children = (
				4D33CA7E264624B400CDE5AD /* APP */,
				4D33CA6A2646209B00CDE5AD /* AppDelegate.swift */,
				4D33CA6C2646209B00CDE5AD /* SceneDelegate.swift */,
				4D33CA732646209D00CDE5AD /* Assets.xcassets */,
				4D33CA782646209D00CDE5AD /* Info.plist */,
			);
			path = "Caoversor de Idades";
			sourceTree = "<group>";
		};
		4D33CA7E264624B400CDE5AD /* APP */ = {
			isa = PBXGroup;
			children = (
				4D33CA7F264624C700CDE5AD /* MODULES */,
			);
			path = APP;
			sourceTree = "<group>";
		};
		4D33CA7F264624C700CDE5AD /* MODULES */ = {
			isa = PBXGroup;
			children = (
				4D33CA80264624EB00CDE5AD /* AgeConverter */,
			);
			path = MODULES;
			sourceTree = "<group>";
		};
		4D33CA80264624EB00CDE5AD /* AgeConverter */ = {
			isa = PBXGroup;
			children = (
				4D33CA812646250C00CDE5AD /* View */,
			);
			path = AgeConverter;
			sourceTree = "<group>";
		};
		4D33CA812646250C00CDE5AD /* View */ = {
			isa = PBXGroup;
			children = (
				4D33CA822646254000CDE5AD /* AgeConverterView.swift */,
				4D33CA842646288700CDE5AD /* AgeConverterController.swift */,
			);
			path = View;
			sourceTree = "<group>";
		};
/* End PBXGroup section */

/* Begin PBXNativeTarget section */
		4D33CA662646209B00CDE5AD /* Caoversor de Idades */ = {
			isa = PBXNativeTarget;
			buildConfigurationList = 4D33CA7B2646209D00CDE5AD /* Build configuration list for PBXNativeTarget "Caoversor de Idades" */;
			buildPhases = (
				4D33CA632646209B00CDE5AD /* Sources */,
				4D33CA642646209B00CDE5AD /* Frameworks */,
				4D33CA652646209B00CDE5AD /* Resources */,
			);
			buildRules = (
			);
			dependencies = (
			);
			name = "Caoversor de Idades";
			productName = "Caoversor de Idades";
			productReference = 4D33CA672646209B00CDE5AD /* Caoversor de Idades.app */;
			productType = "com.apple.product-type.application";
		};
/* End PBXNativeTarget section */

/* Begin PBXProject section */
		4D33CA5F2646209B00CDE5AD /* Project object */ = {
			isa = PBXProject;
			attributes = {
				LastSwiftUpdateCheck = 1250;
				LastUpgradeCheck = 1250;
				TargetAttributes = {
					4D33CA662646209B00CDE5AD = {
						CreatedOnToolsVersion = 12.5;
					};
				};
			};
			buildConfigurationList = 4D33CA622646209B00CDE5AD /* Build configuration list for PBXProject "Caoversor de Idades" */;
			compatibilityVersion = "Xcode 9.3";
			developmentRegion = en;
			hasScannedForEncodings = 0;
			knownRegions = (
				en,
				Base,
			);
			mainGroup = 4D33CA5E2646209B00CDE5AD;
			productRefGroup = 4D33CA682646209B00CDE5AD /* Products */;
			projectDirPath = "";
			projectRoot = "";
			targets = (
				4D33CA662646209B00CDE5AD /* Caoversor de Idades */,
			);
		};
/* End PBXProject section */

/* Begin PBXResourcesBuildPhase section */
		4D33CA652646209B00CDE5AD /* Resources */ = {
			isa = PBXResourcesBuildPhase;
			buildActionMask = 2147483647;
			files = (
				4D33CA742646209D00CDE5AD /* Assets.xcassets in Resources */,
			);
			runOnlyForDeploymentPostprocessing = 0;
		};
/* End PBXResourcesBuildPhase section */

/* Begin PBXSourcesBuildPhase section */
		4D33CA632646209B00CDE5AD /* Sources */ = {
			isa = PBXSourcesBuildPhase;
			buildActionMask = 2147483647;
			files = (
				4D33CA832646254000CDE5AD /* AgeConverterView.swift in Sources */,
				4D33CA6B2646209B00CDE5AD /* AppDelegate.swift in Sources */,
				4D33CA6D2646209B00CDE5AD /* SceneDelegate.swift in Sources */,
				4D33CA852646288700CDE5AD /* AgeConverterController.swift in Sources */,
			);
			runOnlyForDeploymentPostprocessing = 0;
		};
/* End PBXSourcesBuildPhase section */

/* Begin XCBuildConfiguration section */
		4D33CA792646209D00CDE5AD /* Debug */ = {
			isa = XCBuildConfiguration;
			buildSettings = {
				ALWAYS_SEARCH_USER_PATHS = NO;
				CLANG_ANALYZER_NONNULL = YES;
				CLANG_ANALYZER_NUMBER_OBJECT_CONVERSION = YES_AGGRESSIVE;
				CLANG_CXX_LANGUAGE_STANDARD = "gnu++14";
				CLANG_CXX_LIBRARY = "libc++";
				CLANG_ENABLE_MODULES = YES;
				CLANG_ENABLE_OBJC_ARC = YES;
				CLANG_ENABLE_OBJC_WEAK = YES;
				CLANG_WARN_BLOCK_CAPTURE_AUTORELEASING = YES;
				CLANG_WARN_BOOL_CONVERSION = YES;
				CLANG_WARN_COMMA = YES;
				CLANG_WARN_CONSTANT_CONVERSION = YES;
				CLANG_WARN_DEPRECATED_OBJC_IMPLEMENTATIONS = YES;
				CLANG_WARN_DIRECT_OBJC_ISA_USAGE = YES_ERROR;
				CLANG_WARN_DOCUMENTATION_COMMENTS = YES;
				CLANG_WARN_EMPTY_BODY = YES;
				CLANG_WARN_ENUM_CONVERSION = YES;
				CLANG_WARN_INFINITE_RECURSION = YES;
				CLANG_WARN_INT_CONVERSION = YES;
				CLANG_WARN_NON_LITERAL_NULL_CONVERSION = YES;
				CLANG_WARN_OBJC_IMPLICIT_RETAIN_SELF = YES;
				CLANG_WARN_OBJC_LITERAL_CONVERSION = YES;
				CLANG_WARN_OBJC_ROOT_CLASS = YES_ERROR;
				CLANG_WARN_QUOTED_INCLUDE_IN_FRAMEWORK_HEADER = YES;
				CLANG_WARN_RANGE_LOOP_ANALYSIS = YES;
				CLANG_WARN_STRICT_PROTOTYPES = YES;
				CLANG_WARN_SUSPICIOUS_MOVE = YES;
				CLANG_WARN_UNGUARDED_AVAILABILITY = YES_AGGRESSIVE;
				CLANG_WARN_UNREACHABLE_CODE = YES;
				CLANG_WARN__DUPLICATE_METHOD_MATCH = YES;
				COPY_PHASE_STRIP = NO;
				DEBUG_INFORMATION_FORMAT = dwarf;
				ENABLE_STRICT_OBJC_MSGSEND = YES;
				ENABLE_TESTABILITY = YES;
				GCC_C_LANGUAGE_STANDARD = gnu11;
				GCC_DYNAMIC_NO_PIC = NO;
				GCC_NO_COMMON_BLOCKS = YES;
				GCC_OPTIMIZATION_LEVEL = 0;
				GCC_PREPROCESSOR_DEFINITIONS = (
					"DEBUG=1",
					"$(inherited)",
				);
				GCC_WARN_64_TO_32_BIT_CONVERSION = YES;
				GCC_WARN_ABOUT_RETURN_TYPE = YES_ERROR;
				GCC_WARN_UNDECLARED_SELECTOR = YES;
				GCC_WARN_UNINITIALIZED_AUTOS = YES_AGGRESSIVE;
				GCC_WARN_UNUSED_FUNCTION = YES;
				GCC_WARN_UNUSED_VARIABLE = YES;
				IPHONEOS_DEPLOYMENT_TARGET = 14.5;
				MTL_ENABLE_DEBUG_INFO = INCLUDE_SOURCE;
				MTL_FAST_MATH = YES;
				ONLY_ACTIVE_ARCH = YES;
				SDKROOT = iphoneos;
				SWIFT_ACTIVE_COMPILATION_CONDITIONS = DEBUG;
				SWIFT_OPTIMIZATION_LEVEL = "-Onone";
			};
			name = Debug;
		};
		4D33CA7A2646209D00CDE5AD /* Release */ = {
			isa = XCBuildConfiguration;
			buildSettings = {
				ALWAYS_SEARCH_USER_PATHS = NO;
				CLANG_ANALYZER_NONNULL = YES;
				CLANG_ANALYZER_NUMBER_OBJECT_CONVERSION = YES_AGGRESSIVE;
				CLANG_CXX_LANGUAGE_STANDARD = "gnu++14";
				CLANG_CXX_LIBRARY = "libc++";
				CLANG_ENABLE_MODULES = YES;
				CLANG_ENABLE_OBJC_ARC = YES;
				CLANG_ENABLE_OBJC_WEAK = YES;
				CLANG_WARN_BLOCK_CAPTURE_AUTORELEASING = YES;
				CLANG_WARN_BOOL_CONVERSION = YES;
				CLANG_WARN_COMMA = YES;
				CLANG_WARN_CONSTANT_CONVERSION = YES;
				CLANG_WARN_DEPRECATED_OBJC_IMPLEMENTATIONS = YES;
				CLANG_WARN_DIRECT_OBJC_ISA_USAGE = YES_ERROR;
				CLANG_WARN_DOCUMENTATION_COMMENTS = YES;
				CLANG_WARN_EMPTY_BODY = YES;
				CLANG_WARN_ENUM_CONVERSION = YES;
				CLANG_WARN_INFINITE_RECURSION = YES;
				CLANG_WARN_INT_CONVERSION = YES;
				CLANG_WARN_NON_LITERAL_NULL_CONVERSION = YES;
				CLANG_WARN_OBJC_IMPLICIT_RETAIN_SELF = YES;
				CLANG_WARN_OBJC_LITERAL_CONVERSION = YES;
				CLANG_WARN_OBJC_ROOT_CLASS = YES_ERROR;
				CLANG_WARN_QUOTED_INCLUDE_IN_FRAMEWORK_HEADER = YES;
				CLANG_WARN_RANGE_LOOP_ANALYSIS = YES;
				CLANG_WARN_STRICT_PROTOTYPES = YES;
				CLANG_WARN_SUSPICIOUS_MOVE = YES;
				CLANG_WARN_UNGUARDED_AVAILABILITY = YES_AGGRESSIVE;
				CLANG_WARN_UNREACHABLE_CODE = YES;
				CLANG_WARN__DUPLICATE_METHOD_MATCH = YES;
				COPY_PHASE_STRIP = NO;
				DEBUG_INFORMATION_FORMAT = "dwarf-with-dsym";
				ENABLE_NS_ASSERTIONS = NO;
				ENABLE_STRICT_OBJC_MSGSEND = YES;
				GCC_C_LANGUAGE_STANDARD = gnu11;
				GCC_NO_COMMON_BLOCKS = YES;
				GCC_WARN_64_TO_32_BIT_CONVERSION = YES;
				GCC_WARN_ABOUT_RETURN_TYPE = YES_ERROR;
				GCC_WARN_UNDECLARED_SELECTOR = YES;
				GCC_WARN_UNINITIALIZED_AUTOS = YES_AGGRESSIVE;
				GCC_WARN_UNUSED_FUNCTION = YES;
				GCC_WARN_UNUSED_VARIABLE = YES;
				IPHONEOS_DEPLOYMENT_TARGET = 14.5;
				MTL_ENABLE_DEBUG_INFO = NO;
				MTL_FAST_MATH = YES;
				SDKROOT = iphoneos;
				SWIFT_COMPILATION_MODE = wholemodule;
				SWIFT_OPTIMIZATION_LEVEL = "-O";
				VALIDATE_PRODUCT = YES;
			};
			name = Release;
		};
		4D33CA7C2646209D00CDE5AD /* Debug */ = {
			isa = XCBuildConfiguration;
			buildSettings = {
				ASSETCATALOG_COMPILER_APPICON_NAME = AppIcon;
				ASSETCATALOG_COMPILER_GLOBAL_ACCENT_COLOR_NAME = AccentColor;
				CODE_SIGN_STYLE = Automatic;
				DEVELOPMENT_TEAM = CWDH6S87LF;
				INFOPLIST_FILE = "Caoversor de Idades/Info.plist";
				LD_RUNPATH_SEARCH_PATHS = (
					"$(inherited)",
					"@executable_path/Frameworks",
				);
				PRODUCT_BUNDLE_IDENTIFIER = "br.wilton-garcia.Caoversor-de-Idades";
				PRODUCT_NAME = "$(TARGET_NAME)";
				SWIFT_VERSION = 5.0;
				TARGETED_DEVICE_FAMILY = "1,2";
			};
			name = Debug;
		};
		4D33CA7D2646209D00CDE5AD /* Release */ = {
			isa = XCBuildConfiguration;
			buildSettings = {
				ASSETCATALOG_COMPILER_APPICON_NAME = AppIcon;
				ASSETCATALOG_COMPILER_GLOBAL_ACCENT_COLOR_NAME = AccentColor;
				CODE_SIGN_STYLE = Automatic;
				DEVELOPMENT_TEAM = CWDH6S87LF;
				INFOPLIST_FILE = "Caoversor de Idades/Info.plist";
				LD_RUNPATH_SEARCH_PATHS = (
					"$(inherited)",
					"@executable_path/Frameworks",
				);
				PRODUCT_BUNDLE_IDENTIFIER = "br.wilton-garcia.Caoversor-de-Idades";
				PRODUCT_NAME = "$(TARGET_NAME)";
				SWIFT_VERSION = 5.0;
				TARGETED_DEVICE_FAMILY = "1,2";
			};
			name = Release;
		};
/* End XCBuildConfiguration section */

/* Begin XCConfigurationList section */
		4D33CA622646209B00CDE5AD /* Build configuration list for PBXProject "Caoversor de Idades" */ = {
			isa = XCConfigurationList;
			buildConfigurations = (
				4D33CA792646209D00CDE5AD /* Debug */,
				4D33CA7A2646209D00CDE5AD /* Release */,
			);
			defaultConfigurationIsVisible = 0;
			defaultConfigurationName = Release;
		};
		4D33CA7B2646209D00CDE5AD /* Build configuration list for PBXNativeTarget "Caoversor de Idades" */ = {
			isa = XCConfigurationList;
			buildConfigurations = (
				4D33CA7C2646209D00CDE5AD /* Debug */,
				4D33CA7D2646209D00CDE5AD /* Release */,
			);
			defaultConfigurationIsVisible = 0;
			defaultConfigurationName = Release;
		};
/* End XCConfigurationList section */
	};
	rootObject = 4D33CA5F2646209B00CDE5AD /* Project object */;
}
